<?xml version="1.0" encoding="utf-8"?>
<Project ToolsVersion="4.0" xmlns="http://schemas.microsoft.com/developer/msbuild/2003">
  <ItemGroup>
    <Filter Include="Resource Files">
      <UniqueIdentifier>{67DA6AB6-F800-4c08-8B7A-83BB121AAD01}</UniqueIdentifier>
      <Extensions>rc;ico;cur;bmp;dlg;rc2;rct;bin;rgs;gif;jpg;jpeg;jpe;resx;tiff;tif;png;wav;mfcribbon-ms</Extensions>
    </Filter>
    <Filter Include="Driver Files">
      <UniqueIdentifier>{8E41214B-6785-4CFE-B992-037D68949A14}</UniqueIdentifier>
      <Extensions>inf;inv;inx;mof;mc;</Extensions>
    </Filter>
    <Filter Include="main">
      <UniqueIdentifier>{2d9dfd75-fa03-4af7-abf0-875483521478}</UniqueIdentifier>
    </Filter>
    <Filter Include="process">
      <UniqueIdentifier>{c9d3421a-c53b-45fd-9ca1-717a0f7da70b}</UniqueIdentifier>
    </Filter>
    <Filter Include="SSDT">
      <UniqueIdentifier>{7949f02d-23fa-48e8-b285-6721c559996c}</UniqueIdentifier>
    </Filter>
  </ItemGroup>
  <ItemGroup>
    <Inf Include="MyDriver2.inf">
      <Filter>Driver Files</Filter>
    </Inf>
  </ItemGroup>
  <ItemGroup>
    <ClCompile Include="main.c">
      <Filter>main</Filter>
    </ClCompile>
    <ClCompile Include="process.c">
      <Filter>process</Filter>
    </ClCompile>
    <ClCompile Include="common.c">
      <Filter>main</Filter>
    </ClCompile>
    <ClCompile Include="ssdt.c">
      <Filter>SSDT</Filter>
    </ClCompile>
  </ItemGroup>
  <ItemGroup>
    <ClInclude Include="main.h">
      <Filter>main</Filter>
    </ClInclude>
    <ClInclude Include="process.h">
      <Filter>process</Filter>
    </ClInclude>
    <ClInclude Include="common.h">
      <Filter>main</Filter>
    </ClInclude>
    <ClInclude Include="ssdt.h">
      <Filter>SSDT</Filter>
    </ClInclude>
  </ItemGroup>
</Project>